
Microsoft Visual Studio Solution File, Format Version 12.00
# Visual Studio Version 17
VisualStudioVersion = 17.13.35825.156 d17.13
MinimumVisualStudioVersion = 10.0.40219.1
Project("{FAE04EC0-301F-11D3-BF4B-00C04F79EFBC}") = "ECommerce.Api", "ECommerce.Api.csproj", "{6E9B3518-4A51-4A0B-AC88-137532E81E4B}"
EndProject
Global
	GlobalSection(SolutionConfigurationPlatforms) = preSolution
		Debug|Any CPU = Debug|Any CPU
		Release|Any CPU = Release|Any CPU
	EndGlobalSection
	GlobalSection(ProjectConfigurationPlatforms) = postSolution
		{6E9B3518-4A51-4A0B-AC88-137532E81E4B}.Debug|Any CPU.ActiveCfg = Debug|Any CPU
		{6E9B3518-4A51-4A0B-AC88-137532E81E4B}.Debug|Any CPU.Build.0 = Debug|Any CPU
		{6E9B3518-4A51-4A0B-AC88-137532E81E4B}.Release|Any CPU.ActiveCfg = Release|Any CPU
		{6E9B3518-4A51-4A0B-AC88-137532E81E4B}.Release|Any CPU.Build.0 = Release|Any CPU
	EndGlobalSection
	GlobalSection(SolutionProperties) = preSolution
		HideSolutionNode = FALSE
	EndGlobalSection
	GlobalSection(ExtensibilityGlobals) = postSolution
		SolutionGuid = {AC8EF9A7-1C8E-4C1B-8084-41FC5E714B3B}
	EndGlobalSection
EndGlobal
